// !$*UTF8*$!
{
	archiveVersion = 1;
	classes = {
	};
	objectVersion = 50;
	objects = {

/* Begin PBXBuildFile section */
		2B5D279D23ED91490017D789 /* AppDelegate.swift in Sources */ = {isa = PBXBuildFile; fileRef = 2B5D279C23ED91490017D789 /* AppDelegate.swift */; };
		2B5D279F23ED91490017D789 /* ContentView.swift in Sources */ = {isa = PBXBuildFile; fileRef = 2B5D279E23ED91490017D789 /* ContentView.swift */; };
		2B5D27A123ED914B0017D789 /* Assets.xcassets in Resources */ = {isa = PBXBuildFile; fileRef = 2B5D27A023ED914B0017D789 /* Assets.xcassets */; };
		2B5D27A423ED914B0017D789 /* Preview Assets.xcassets in Resources */ = {isa = PBXBuildFile; fileRef = 2B5D27A323ED914B0017D789 /* Preview Assets.xcassets */; };
		2B5D27A723ED914B0017D789 /* Main.storyboard in Resources */ = {isa = PBXBuildFile; fileRef = 2B5D27A523ED914B0017D789 /* Main.storyboard */; };
		2B5D27B323ED914B0017D789 /* SimlatorControlTests.swift in Sources */ = {isa = PBXBuildFile; fileRef = 2B5D27B223ED914B0017D789 /* SimlatorControlTests.swift */; };
		2B5D27BE23ED914B0017D789 /* SimlatorControlUITests.swift in Sources */ = {isa = PBXBuildFile; fileRef = 2B5D27BD23ED914B0017D789 /* SimlatorControlUITests.swift */; };
		2B5D27CD23ED926C0017D789 /* Reducer.swift in Sources */ = {isa = PBXBuildFile; fileRef = 2B5D27CC23ED926C0017D789 /* Reducer.swift */; };
		2B5D27CF23ED92800017D789 /* SCMessage.swift in Sources */ = {isa = PBXBuildFile; fileRef = 2B5D27CE23ED92800017D789 /* SCMessage.swift */; };
		2B5D27D123ED92910017D789 /* SCState.swift in Sources */ = {isa = PBXBuildFile; fileRef = 2B5D27D023ED92910017D789 /* SCState.swift */; };
		2B5D27D323ED92AD0017D789 /* Store.swift in Sources */ = {isa = PBXBuildFile; fileRef = 2B5D27D223ED92AD0017D789 /* Store.swift */; };
		2B5D27D523ED92C90017D789 /* Global.swift in Sources */ = {isa = PBXBuildFile; fileRef = 2B5D27D423ED92C90017D789 /* Global.swift */; };
		2B5D27D823ED95780017D789 /* DeviceType.swift in Sources */ = {isa = PBXBuildFile; fileRef = 2B5D27D723ED95780017D789 /* DeviceType.swift */; };
		2B5D27DA23ED96480017D789 /* Runtime.swift in Sources */ = {isa = PBXBuildFile; fileRef = 2B5D27D923ED96480017D789 /* Runtime.swift */; };
		2B5D27DC23ED96A30017D789 /* Device.swift in Sources */ = {isa = PBXBuildFile; fileRef = 2B5D27DB23ED96A30017D789 /* Device.swift */; };
		2B5D27DE23ED97450017D789 /* Pair.swift in Sources */ = {isa = PBXBuildFile; fileRef = 2B5D27DD23ED97450017D789 /* Pair.swift */; };
		2B5D27E023EDB0D90017D789 /* SimCtlList.swift in Sources */ = {isa = PBXBuildFile; fileRef = 2B5D27DF23EDB0D90017D789 /* SimCtlList.swift */; };
		2B5D27E323EE299B0017D789 /* DevicesView.swift in Sources */ = {isa = PBXBuildFile; fileRef = 2B5D27E223EE299B0017D789 /* DevicesView.swift */; };
		2B5D27E523EE2A4C0017D789 /* DeviceDetailView.swift in Sources */ = {isa = PBXBuildFile; fileRef = 2B5D27E423EE2A4C0017D789 /* DeviceDetailView.swift */; };
		2BCA0F3923EFA9D100C774B5 /* ScreenRecordingService.swift in Sources */ = {isa = PBXBuildFile; fileRef = 2BCA0F3823EFA9D100C774B5 /* ScreenRecordingService.swift */; };
		2BFA903023EFD0E500D08819 /* XcrunService.swift in Sources */ = {isa = PBXBuildFile; fileRef = 2BFA902F23EFD0E500D08819 /* XcrunService.swift */; };
/* End PBXBuildFile section */

/* Begin PBXContainerItemProxy section */
		2B5D27AF23ED914B0017D789 /* PBXContainerItemProxy */ = {
			isa = PBXContainerItemProxy;
			containerPortal = 2B5D279123ED91490017D789 /* Project object */;
			proxyType = 1;
			remoteGlobalIDString = 2B5D279823ED91490017D789;
			remoteInfo = SimlatorControl;
		};
		2B5D27BA23ED914B0017D789 /* PBXContainerItemProxy */ = {
			isa = PBXContainerItemProxy;
			containerPortal = 2B5D279123ED91490017D789 /* Project object */;
			proxyType = 1;
			remoteGlobalIDString = 2B5D279823ED91490017D789;
			remoteInfo = SimlatorControl;
		};
/* End PBXContainerItemProxy section */

/* Begin PBXFileReference section */
		2B5D279923ED91490017D789 /* SimlatorControl.app */ = {isa = PBXFileReference; explicitFileType = wrapper.application; includeInIndex = 0; path = SimlatorControl.app; sourceTree = BUILT_PRODUCTS_DIR; };
		2B5D279C23ED91490017D789 /* AppDelegate.swift */ = {isa = PBXFileReference; lastKnownFileType = sourcecode.swift; path = AppDelegate.swift; sourceTree = "<group>"; };
		2B5D279E23ED91490017D789 /* ContentView.swift */ = {isa = PBXFileReference; lastKnownFileType = sourcecode.swift; path = ContentView.swift; sourceTree = "<group>"; };
		2B5D27A023ED914B0017D789 /* Assets.xcassets */ = {isa = PBXFileReference; lastKnownFileType = folder.assetcatalog; path = Assets.xcassets; sourceTree = "<group>"; };
		2B5D27A323ED914B0017D789 /* Preview Assets.xcassets */ = {isa = PBXFileReference; lastKnownFileType = folder.assetcatalog; path = "Preview Assets.xcassets"; sourceTree = "<group>"; };
		2B5D27A623ED914B0017D789 /* Base */ = {isa = PBXFileReference; lastKnownFileType = file.storyboard; name = Base; path = Base.lproj/Main.storyboard; sourceTree = "<group>"; };
		2B5D27A823ED914B0017D789 /* Info.plist */ = {isa = PBXFileReference; lastKnownFileType = text.plist.xml; path = Info.plist; sourceTree = "<group>"; };
		2B5D27A923ED914B0017D789 /* SimlatorControl.entitlements */ = {isa = PBXFileReference; lastKnownFileType = text.plist.entitlements; path = SimlatorControl.entitlements; sourceTree = "<group>"; };
		2B5D27AE23ED914B0017D789 /* SimlatorControlTests.xctest */ = {isa = PBXFileReference; explicitFileType = wrapper.cfbundle; includeInIndex = 0; path = SimlatorControlTests.xctest; sourceTree = BUILT_PRODUCTS_DIR; };
		2B5D27B223ED914B0017D789 /* SimlatorControlTests.swift */ = {isa = PBXFileReference; lastKnownFileType = sourcecode.swift; path = SimlatorControlTests.swift; sourceTree = "<group>"; };
		2B5D27B423ED914B0017D789 /* Info.plist */ = {isa = PBXFileReference; lastKnownFileType = text.plist.xml; path = Info.plist; sourceTree = "<group>"; };
		2B5D27B923ED914B0017D789 /* SimlatorControlUITests.xctest */ = {isa = PBXFileReference; explicitFileType = wrapper.cfbundle; includeInIndex = 0; path = SimlatorControlUITests.xctest; sourceTree = BUILT_PRODUCTS_DIR; };
		2B5D27BD23ED914B0017D789 /* SimlatorControlUITests.swift */ = {isa = PBXFileReference; lastKnownFileType = sourcecode.swift; path = SimlatorControlUITests.swift; sourceTree = "<group>"; };
		2B5D27BF23ED914B0017D789 /* Info.plist */ = {isa = PBXFileReference; lastKnownFileType = text.plist.xml; path = Info.plist; sourceTree = "<group>"; };
		2B5D27CC23ED926C0017D789 /* Reducer.swift */ = {isa = PBXFileReference; lastKnownFileType = sourcecode.swift; path = Reducer.swift; sourceTree = "<group>"; };
		2B5D27CE23ED92800017D789 /* SCMessage.swift */ = {isa = PBXFileReference; lastKnownFileType = sourcecode.swift; path = SCMessage.swift; sourceTree = "<group>"; };
		2B5D27D023ED92910017D789 /* SCState.swift */ = {isa = PBXFileReference; lastKnownFileType = sourcecode.swift; path = SCState.swift; sourceTree = "<group>"; };
		2B5D27D223ED92AD0017D789 /* Store.swift */ = {isa = PBXFileReference; lastKnownFileType = sourcecode.swift; path = Store.swift; sourceTree = "<group>"; };
		2B5D27D423ED92C90017D789 /* Global.swift */ = {isa = PBXFileReference; lastKnownFileType = sourcecode.swift; path = Global.swift; sourceTree = "<group>"; };
		2B5D27D723ED95780017D789 /* DeviceType.swift */ = {isa = PBXFileReference; lastKnownFileType = sourcecode.swift; path = DeviceType.swift; sourceTree = "<group>"; };
		2B5D27D923ED96480017D789 /* Runtime.swift */ = {isa = PBXFileReference; lastKnownFileType = sourcecode.swift; path = Runtime.swift; sourceTree = "<group>"; };
		2B5D27DB23ED96A30017D789 /* Device.swift */ = {isa = PBXFileReference; lastKnownFileType = sourcecode.swift; path = Device.swift; sourceTree = "<group>"; };
		2B5D27DD23ED97450017D789 /* Pair.swift */ = {isa = PBXFileReference; lastKnownFileType = sourcecode.swift; path = Pair.swift; sourceTree = "<group>"; };
		2B5D27DF23EDB0D90017D789 /* SimCtlList.swift */ = {isa = PBXFileReference; lastKnownFileType = sourcecode.swift; path = SimCtlList.swift; sourceTree = "<group>"; };
		2B5D27E223EE299B0017D789 /* DevicesView.swift */ = {isa = PBXFileReference; lastKnownFileType = sourcecode.swift; path = DevicesView.swift; sourceTree = "<group>"; };
		2B5D27E423EE2A4C0017D789 /* DeviceDetailView.swift */ = {isa = PBXFileReference; lastKnownFileType = sourcecode.swift; path = DeviceDetailView.swift; sourceTree = "<group>"; };
		2BCA0F3823EFA9D100C774B5 /* ScreenRecordingService.swift */ = {isa = PBXFileReference; lastKnownFileType = sourcecode.swift; path = ScreenRecordingService.swift; sourceTree = "<group>"; };
		2BFA902F23EFD0E500D08819 /* XcrunService.swift */ = {isa = PBXFileReference; lastKnownFileType = sourcecode.swift; path = XcrunService.swift; sourceTree = "<group>"; };
/* End PBXFileReference section */

/* Begin PBXFrameworksBuildPhase section */
		2B5D279623ED91490017D789 /* Frameworks */ = {
			isa = PBXFrameworksBuildPhase;
			buildActionMask = 2147483647;
			files = (
			);
			runOnlyForDeploymentPostprocessing = 0;
		};
		2B5D27AB23ED914B0017D789 /* Frameworks */ = {
			isa = PBXFrameworksBuildPhase;
			buildActionMask = 2147483647;
			files = (
			);
			runOnlyForDeploymentPostprocessing = 0;
		};
		2B5D27B623ED914B0017D789 /* Frameworks */ = {
			isa = PBXFrameworksBuildPhase;
			buildActionMask = 2147483647;
			files = (
			);
			runOnlyForDeploymentPostprocessing = 0;
		};
/* End PBXFrameworksBuildPhase section */

/* Begin PBXGroup section */
		2B5D279023ED91490017D789 = {
			isa = PBXGroup;
			children = (
				2B5D279B23ED91490017D789 /* SimlatorControl */,
				2B5D27B123ED914B0017D789 /* SimlatorControlTests */,
				2B5D27BC23ED914B0017D789 /* SimlatorControlUITests */,
				2B5D279A23ED91490017D789 /* Products */,
			);
			sourceTree = "<group>";
		};
		2B5D279A23ED91490017D789 /* Products */ = {
			isa = PBXGroup;
			children = (
				2B5D279923ED91490017D789 /* SimlatorControl.app */,
				2B5D27AE23ED914B0017D789 /* SimlatorControlTests.xctest */,
				2B5D27B923ED914B0017D789 /* SimlatorControlUITests.xctest */,
			);
			name = Products;
			sourceTree = "<group>";
		};
		2B5D279B23ED91490017D789 /* SimlatorControl */ = {
			isa = PBXGroup;
			children = (
				2BCA0F3723EFA9BB00C774B5 /* Service */,
				2B5D27D623ED93290017D789 /* Model */,
				2B5D27CB23ED92510017D789 /* Redux */,
				2B5D27E123EE291A0017D789 /* View */,
				2B5D27D423ED92C90017D789 /* Global.swift */,
				2B5D279C23ED91490017D789 /* AppDelegate.swift */,
				2B5D27A023ED914B0017D789 /* Assets.xcassets */,
				2B5D27A523ED914B0017D789 /* Main.storyboard */,
				2B5D27A823ED914B0017D789 /* Info.plist */,
				2B5D27A923ED914B0017D789 /* SimlatorControl.entitlements */,
				2B5D27A223ED914B0017D789 /* Preview Content */,
			);
			path = SimlatorControl;
			sourceTree = "<group>";
		};
		2B5D27A223ED914B0017D789 /* Preview Content */ = {
			isa = PBXGroup;
			children = (
				2B5D27A323ED914B0017D789 /* Preview Assets.xcassets */,
			);
			path = "Preview Content";
			sourceTree = "<group>";
		};
		2B5D27B123ED914B0017D789 /* SimlatorControlTests */ = {
			isa = PBXGroup;
			children = (
				2B5D27B223ED914B0017D789 /* SimlatorControlTests.swift */,
				2B5D27B423ED914B0017D789 /* Info.plist */,
			);
			path = SimlatorControlTests;
			sourceTree = "<group>";
		};
		2B5D27BC23ED914B0017D789 /* SimlatorControlUITests */ = {
			isa = PBXGroup;
			children = (
				2B5D27BD23ED914B0017D789 /* SimlatorControlUITests.swift */,
				2B5D27BF23ED914B0017D789 /* Info.plist */,
			);
			path = SimlatorControlUITests;
			sourceTree = "<group>";
		};
		2B5D27CB23ED92510017D789 /* Redux */ = {
			isa = PBXGroup;
			children = (
				2B5D27CC23ED926C0017D789 /* Reducer.swift */,
				2B5D27CE23ED92800017D789 /* SCMessage.swift */,
				2B5D27D023ED92910017D789 /* SCState.swift */,
				2B5D27D223ED92AD0017D789 /* Store.swift */,
			);
			path = Redux;
			sourceTree = "<group>";
		};
		2B5D27D623ED93290017D789 /* Model */ = {
			isa = PBXGroup;
			children = (
				2B5D27D723ED95780017D789 /* DeviceType.swift */,
				2B5D27D923ED96480017D789 /* Runtime.swift */,
				2B5D27DB23ED96A30017D789 /* Device.swift */,
				2B5D27DD23ED97450017D789 /* Pair.swift */,
				2B5D27DF23EDB0D90017D789 /* SimCtlList.swift */,
			);
			path = Model;
			sourceTree = "<group>";
		};
		2B5D27E123EE291A0017D789 /* View */ = {
			isa = PBXGroup;
			children = (
				2B5D279E23ED91490017D789 /* ContentView.swift */,
				2B5D27E223EE299B0017D789 /* DevicesView.swift */,
				2B5D27E423EE2A4C0017D789 /* DeviceDetailView.swift */,
			);
			path = View;
			sourceTree = "<group>";
		};
		2BCA0F3723EFA9BB00C774B5 /* Service */ = {
			isa = PBXGroup;
			children = (
				2BCA0F3823EFA9D100C774B5 /* ScreenRecordingService.swift */,
				2BFA902F23EFD0E500D08819 /* XcrunService.swift */,
			);
			path = Service;
			sourceTree = "<group>";
		};
/* End PBXGroup section */

/* Begin PBXNativeTarget section */
		2B5D279823ED91490017D789 /* SimlatorControl */ = {
			isa = PBXNativeTarget;
			buildConfigurationList = 2B5D27C223ED914B0017D789 /* Build configuration list for PBXNativeTarget "SimlatorControl" */;
			buildPhases = (
				2B5D279523ED91490017D789 /* Sources */,
				2B5D279623ED91490017D789 /* Frameworks */,
				2B5D279723ED91490017D789 /* Resources */,
			);
			buildRules = (
			);
			dependencies = (
			);
			name = SimlatorControl;
			productName = SimlatorControl;
			productReference = 2B5D279923ED91490017D789 /* SimlatorControl.app */;
			productType = "com.apple.product-type.application";
		};
		2B5D27AD23ED914B0017D789 /* SimlatorControlTests */ = {
			isa = PBXNativeTarget;
			buildConfigurationList = 2B5D27C523ED914B0017D789 /* Build configuration list for PBXNativeTarget "SimlatorControlTests" */;
			buildPhases = (
				2B5D27AA23ED914B0017D789 /* Sources */,
				2B5D27AB23ED914B0017D789 /* Frameworks */,
				2B5D27AC23ED914B0017D789 /* Resources */,
			);
			buildRules = (
			);
			dependencies = (
				2B5D27B023ED914B0017D789 /* PBXTargetDependency */,
			);
			name = SimlatorControlTests;
			productName = SimlatorControlTests;
			productReference = 2B5D27AE23ED914B0017D789 /* SimlatorControlTests.xctest */;
			productType = "com.apple.product-type.bundle.unit-test";
		};
		2B5D27B823ED914B0017D789 /* SimlatorControlUITests */ = {
			isa = PBXNativeTarget;
			buildConfigurationList = 2B5D27C823ED914B0017D789 /* Build configuration list for PBXNativeTarget "SimlatorControlUITests" */;
			buildPhases = (
				2B5D27B523ED914B0017D789 /* Sources */,
				2B5D27B623ED914B0017D789 /* Frameworks */,
				2B5D27B723ED914B0017D789 /* Resources */,
			);
			buildRules = (
			);
			dependencies = (
				2B5D27BB23ED914B0017D789 /* PBXTargetDependency */,
			);
			name = SimlatorControlUITests;
			productName = SimlatorControlUITests;
			productReference = 2B5D27B923ED914B0017D789 /* SimlatorControlUITests.xctest */;
			productType = "com.apple.product-type.bundle.ui-testing";
		};
/* End PBXNativeTarget section */

/* Begin PBXProject section */
		2B5D279123ED91490017D789 /* Project object */ = {
			isa = PBXProject;
			attributes = {
				LastSwiftUpdateCheck = 1140;
				LastUpgradeCheck = 1140;
				ORGANIZATIONNAME = "Yu Tawata";
				TargetAttributes = {
					2B5D279823ED91490017D789 = {
						CreatedOnToolsVersion = 11.4;
					};
					2B5D27AD23ED914B0017D789 = {
						CreatedOnToolsVersion = 11.4;
						TestTargetID = 2B5D279823ED91490017D789;
					};
					2B5D27B823ED914B0017D789 = {
						CreatedOnToolsVersion = 11.4;
						TestTargetID = 2B5D279823ED91490017D789;
					};
				};
			};
			buildConfigurationList = 2B5D279423ED91490017D789 /* Build configuration list for PBXProject "SimlatorControl" */;
			compatibilityVersion = "Xcode 9.3";
			developmentRegion = en;
			hasScannedForEncodings = 0;
			knownRegions = (
				en,
				Base,
			);
			mainGroup = 2B5D279023ED91490017D789;
			productRefGroup = 2B5D279A23ED91490017D789 /* Products */;
			projectDirPath = "";
			projectRoot = "";
			targets = (
				2B5D279823ED91490017D789 /* SimlatorControl */,
				2B5D27AD23ED914B0017D789 /* SimlatorControlTests */,
				2B5D27B823ED914B0017D789 /* SimlatorControlUITests */,
			);
		};
/* End PBXProject section */

/* Begin PBXResourcesBuildPhase section */
		2B5D279723ED91490017D789 /* Resources */ = {
			isa = PBXResourcesBuildPhase;
			buildActionMask = 2147483647;
			files = (
				2B5D27A723ED914B0017D789 /* Main.storyboard in Resources */,
				2B5D27A423ED914B0017D789 /* Preview Assets.xcassets in Resources */,
				2B5D27A123ED914B0017D789 /* Assets.xcassets in Resources */,
			);
			runOnlyForDeploymentPostprocessing = 0;
		};
		2B5D27AC23ED914B0017D789 /* Resources */ = {
			isa = PBXResourcesBuildPhase;
			buildActionMask = 2147483647;
			files = (
			);
			runOnlyForDeploymentPostprocessing = 0;
		};
		2B5D27B723ED914B0017D789 /* Resources */ = {
			isa = PBXResourcesBuildPhase;
			buildActionMask = 2147483647;
			files = (
			);
			runOnlyForDeploymentPostprocessing = 0;
		};
/* End PBXResourcesBuildPhase section */

/* Begin PBXSourcesBuildPhase section */
		2B5D279523ED91490017D789 /* Sources */ = {
			isa = PBXSourcesBuildPhase;
			buildActionMask = 2147483647;
			files = (
				2BCA0F3923EFA9D100C774B5 /* ScreenRecordingService.swift in Sources */,
				2B5D27D123ED92910017D789 /* SCState.swift in Sources */,
				2B5D279F23ED91490017D789 /* ContentView.swift in Sources */,
				2B5D27CF23ED92800017D789 /* SCMessage.swift in Sources */,
				2B5D27E323EE299B0017D789 /* DevicesView.swift in Sources */,
				2B5D27D323ED92AD0017D789 /* Store.swift in Sources */,
				2B5D279D23ED91490017D789 /* AppDelegate.swift in Sources */,
				2B5D27DE23ED97450017D789 /* Pair.swift in Sources */,
				2B5D27E523EE2A4C0017D789 /* DeviceDetailView.swift in Sources */,
				2B5D27D823ED95780017D789 /* DeviceType.swift in Sources */,
				2B5D27E023EDB0D90017D789 /* SimCtlList.swift in Sources */,
				2B5D27CD23ED926C0017D789 /* Reducer.swift in Sources */,
				2B5D27DA23ED96480017D789 /* Runtime.swift in Sources */,
				2B5D27D523ED92C90017D789 /* Global.swift in Sources */,
				2BFA903023EFD0E500D08819 /* XcrunService.swift in Sources */,
				2B5D27DC23ED96A30017D789 /* Device.swift in Sources */,
			);
			runOnlyForDeploymentPostprocessing = 0;
		};
		2B5D27AA23ED914B0017D789 /* Sources */ = {
			isa = PBXSourcesBuildPhase;
			buildActionMask = 2147483647;
			files = (
				2B5D27B323ED914B0017D789 /* SimlatorControlTests.swift in Sources */,
			);
			runOnlyForDeploymentPostprocessing = 0;
		};
		2B5D27B523ED914B0017D789 /* Sources */ = {
			isa = PBXSourcesBuildPhase;
			buildActionMask = 2147483647;
			files = (
				2B5D27BE23ED914B0017D789 /* SimlatorControlUITests.swift in Sources */,
			);
			runOnlyForDeploymentPostprocessing = 0;
		};
/* End PBXSourcesBuildPhase section */

/* Begin PBXTargetDependency section */
		2B5D27B023ED914B0017D789 /* PBXTargetDependency */ = {
			isa = PBXTargetDependency;
			target = 2B5D279823ED91490017D789 /* SimlatorControl */;
			targetProxy = 2B5D27AF23ED914B0017D789 /* PBXContainerItemProxy */;
		};
		2B5D27BB23ED914B0017D789 /* PBXTargetDependency */ = {
			isa = PBXTargetDependency;
			target = 2B5D279823ED91490017D789 /* SimlatorControl */;
			targetProxy = 2B5D27BA23ED914B0017D789 /* PBXContainerItemProxy */;
		};
/* End PBXTargetDependency section */

/* Begin PBXVariantGroup section */
		2B5D27A523ED914B0017D789 /* Main.storyboard */ = {
			isa = PBXVariantGroup;
			children = (
				2B5D27A623ED914B0017D789 /* Base */,
			);
			name = Main.storyboard;
			sourceTree = "<group>";
		};
/* End PBXVariantGroup section */

/* Begin XCBuildConfiguration section */
		2B5D27C023ED914B0017D789 /* Debug */ = {
			isa = XCBuildConfiguration;
			buildSettings = {
				ALWAYS_SEARCH_USER_PATHS = NO;
				CLANG_ANALYZER_NONNULL = YES;
				CLANG_ANALYZER_NUMBER_OBJECT_CONVERSION = YES_AGGRESSIVE;
				CLANG_CXX_LANGUAGE_STANDARD = "gnu++14";
				CLANG_CXX_LIBRARY = "libc++";
				CLANG_ENABLE_MODULES = YES;
				CLANG_ENABLE_OBJC_ARC = YES;
				CLANG_ENABLE_OBJC_WEAK = YES;
				CLANG_WARN_BLOCK_CAPTURE_AUTORELEASING = YES;
				CLANG_WARN_BOOL_CONVERSION = YES;
				CLANG_WARN_COMMA = YES;
				CLANG_WARN_CONSTANT_CONVERSION = YES;
				CLANG_WARN_DEPRECATED_OBJC_IMPLEMENTATIONS = YES;
				CLANG_WARN_DIRECT_OBJC_ISA_USAGE = YES_ERROR;
				CLANG_WARN_DOCUMENTATION_COMMENTS = YES;
				CLANG_WARN_EMPTY_BODY = YES;
				CLANG_WARN_ENUM_CONVERSION = YES;
				CLANG_WARN_INFINITE_RECURSION = YES;
				CLANG_WARN_INT_CONVERSION = YES;
				CLANG_WARN_NON_LITERAL_NULL_CONVERSION = YES;
				CLANG_WARN_OBJC_IMPLICIT_RETAIN_SELF = YES;
				CLANG_WARN_OBJC_LITERAL_CONVERSION = YES;
				CLANG_WARN_OBJC_ROOT_CLASS = YES_ERROR;
				CLANG_WARN_RANGE_LOOP_ANALYSIS = YES;
				CLANG_WARN_STRICT_PROTOTYPES = YES;
				CLANG_WARN_SUSPICIOUS_MOVE = YES;
				CLANG_WARN_UNGUARDED_AVAILABILITY = YES_AGGRESSIVE;
				CLANG_WARN_UNREACHABLE_CODE = YES;
				CLANG_WARN__DUPLICATE_METHOD_MATCH = YES;
				COPY_PHASE_STRIP = NO;
				DEBUG_INFORMATION_FORMAT = dwarf;
				ENABLE_STRICT_OBJC_MSGSEND = YES;
				ENABLE_TESTABILITY = YES;
				GCC_C_LANGUAGE_STANDARD = gnu11;
				GCC_DYNAMIC_NO_PIC = NO;
				GCC_NO_COMMON_BLOCKS = YES;
				GCC_OPTIMIZATION_LEVEL = 0;
				GCC_PREPROCESSOR_DEFINITIONS = (
					"DEBUG=1",
					"$(inherited)",
				);
				GCC_WARN_64_TO_32_BIT_CONVERSION = YES;
				GCC_WARN_ABOUT_RETURN_TYPE = YES_ERROR;
				GCC_WARN_UNDECLARED_SELECTOR = YES;
				GCC_WARN_UNINITIALIZED_AUTOS = YES_AGGRESSIVE;
				GCC_WARN_UNUSED_FUNCTION = YES;
				GCC_WARN_UNUSED_VARIABLE = YES;
				MACOSX_DEPLOYMENT_TARGET = 10.15;
				MTL_ENABLE_DEBUG_INFO = INCLUDE_SOURCE;
				MTL_FAST_MATH = YES;
				ONLY_ACTIVE_ARCH = YES;
				SDKROOT = macosx;
				SWIFT_ACTIVE_COMPILATION_CONDITIONS = DEBUG;
				SWIFT_OPTIMIZATION_LEVEL = "-Onone";
			};
			name = Debug;
		};
		2B5D27C123ED914B0017D789 /* Release */ = {
			isa = XCBuildConfiguration;
			buildSettings = {
				ALWAYS_SEARCH_USER_PATHS = NO;
				CLANG_ANALYZER_NONNULL = YES;
				CLANG_ANALYZER_NUMBER_OBJECT_CONVERSION = YES_AGGRESSIVE;
				CLANG_CXX_LANGUAGE_STANDARD = "gnu++14";
				CLANG_CXX_LIBRARY = "libc++";
				CLANG_ENABLE_MODULES = YES;
				CLANG_ENABLE_OBJC_ARC = YES;
				CLANG_ENABLE_OBJC_WEAK = YES;
				CLANG_WARN_BLOCK_CAPTURE_AUTORELEASING = YES;
				CLANG_WARN_BOOL_CONVERSION = YES;
				CLANG_WARN_COMMA = YES;
				CLANG_WARN_CONSTANT_CONVERSION = YES;
				CLANG_WARN_DEPRECATED_OBJC_IMPLEMENTATIONS = YES;
				CLANG_WARN_DIRECT_OBJC_ISA_USAGE = YES_ERROR;
				CLANG_WARN_DOCUMENTATION_COMMENTS = YES;
				CLANG_WARN_EMPTY_BODY = YES;
				CLANG_WARN_ENUM_CONVERSION = YES;
				CLANG_WARN_INFINITE_RECURSION = YES;
				CLANG_WARN_INT_CONVERSION = YES;
				CLANG_WARN_NON_LITERAL_NULL_CONVERSION = YES;
				CLANG_WARN_OBJC_IMPLICIT_RETAIN_SELF = YES;
				CLANG_WARN_OBJC_LITERAL_CONVERSION = YES;
				CLANG_WARN_OBJC_ROOT_CLASS = YES_ERROR;
				CLANG_WARN_RANGE_LOOP_ANALYSIS = YES;
				CLANG_WARN_STRICT_PROTOTYPES = YES;
				CLANG_WARN_SUSPICIOUS_MOVE = YES;
				CLANG_WARN_UNGUARDED_AVAILABILITY = YES_AGGRESSIVE;
				CLANG_WARN_UNREACHABLE_CODE = YES;
				CLANG_WARN__DUPLICATE_METHOD_MATCH = YES;
				COPY_PHASE_STRIP = NO;
				DEBUG_INFORMATION_FORMAT = "dwarf-with-dsym";
				ENABLE_NS_ASSERTIONS = NO;
				ENABLE_STRICT_OBJC_MSGSEND = YES;
				GCC_C_LANGUAGE_STANDARD = gnu11;
				GCC_NO_COMMON_BLOCKS = YES;
				GCC_WARN_64_TO_32_BIT_CONVERSION = YES;
				GCC_WARN_ABOUT_RETURN_TYPE = YES_ERROR;
				GCC_WARN_UNDECLARED_SELECTOR = YES;
				GCC_WARN_UNINITIALIZED_AUTOS = YES_AGGRESSIVE;
				GCC_WARN_UNUSED_FUNCTION = YES;
				GCC_WARN_UNUSED_VARIABLE = YES;
				MACOSX_DEPLOYMENT_TARGET = 10.15;
				MTL_ENABLE_DEBUG_INFO = NO;
				MTL_FAST_MATH = YES;
				SDKROOT = macosx;
				SWIFT_COMPILATION_MODE = wholemodule;
				SWIFT_OPTIMIZATION_LEVEL = "-O";
			};
			name = Release;
		};
		2B5D27C323ED914B0017D789 /* Debug */ = {
			isa = XCBuildConfiguration;
			buildSettings = {
				ASSETCATALOG_COMPILER_APPICON_NAME = AppIcon;
				CODE_SIGN_ENTITLEMENTS = SimlatorControl/SimlatorControl.entitlements;
				CODE_SIGN_STYLE = Automatic;
				COMBINE_HIDPI_IMAGES = YES;
				DEVELOPMENT_ASSET_PATHS = "\"SimlatorControl/Preview Content\"";
				DEVELOPMENT_TEAM = PS98BD6732;
				ENABLE_HARDENED_RUNTIME = YES;
				ENABLE_PREVIEWS = YES;
				INFOPLIST_FILE = SimlatorControl/Info.plist;
				LD_RUNPATH_SEARCH_PATHS = (
					"$(inherited)",
					"@executable_path/../Frameworks",
				);
				MACOSX_DEPLOYMENT_TARGET = 10.15;
				PRODUCT_BUNDLE_IDENTIFIER = com.bivre.SimlatorControl;
				PRODUCT_NAME = "$(TARGET_NAME)";
				SWIFT_VERSION = 5.0;
			};
			name = Debug;
		};
		2B5D27C423ED914B0017D789 /* Release */ = {
			isa = XCBuildConfiguration;
			buildSettings = {
				ASSETCATALOG_COMPILER_APPICON_NAME = AppIcon;
				CODE_SIGN_ENTITLEMENTS = SimlatorControl/SimlatorControl.entitlements;
				CODE_SIGN_STYLE = Automatic;
				COMBINE_HIDPI_IMAGES = YES;
				DEVELOPMENT_ASSET_PATHS = "\"SimlatorControl/Preview Content\"";
				DEVELOPMENT_TEAM = PS98BD6732;
				ENABLE_HARDENED_RUNTIME = YES;
				ENABLE_PREVIEWS = YES;
				INFOPLIST_FILE = SimlatorControl/Info.plist;
				LD_RUNPATH_SEARCH_PATHS = (
					"$(inherited)",
					"@executable_path/../Frameworks",
				);
				MACOSX_DEPLOYMENT_TARGET = 10.15;
				PRODUCT_BUNDLE_IDENTIFIER = com.bivre.SimlatorControl;
				PRODUCT_NAME = "$(TARGET_NAME)";
				SWIFT_VERSION = 5.0;
			};
			name = Release;
		};
		2B5D27C623ED914B0017D789 /* Debug */ = {
			isa = XCBuildConfiguration;
			buildSettings = {
				ALWAYS_EMBED_SWIFT_STANDARD_LIBRARIES = YES;
				BUNDLE_LOADER = "$(TEST_HOST)";
				CODE_SIGN_STYLE = Automatic;
				COMBINE_HIDPI_IMAGES = YES;
				DEVELOPMENT_TEAM = PS98BD6732;
				INFOPLIST_FILE = SimlatorControlTests/Info.plist;
				LD_RUNPATH_SEARCH_PATHS = (
					"$(inherited)",
					"@executable_path/../Frameworks",
					"@loader_path/../Frameworks",
				);
				MACOSX_DEPLOYMENT_TARGET = 10.15;
				PRODUCT_BUNDLE_IDENTIFIER = com.bivre.SimlatorControlTests;
				PRODUCT_NAME = "$(TARGET_NAME)";
				SWIFT_VERSION = 5.0;
				TEST_HOST = "$(BUILT_PRODUCTS_DIR)/SimlatorControl.app/Contents/MacOS/SimlatorControl";
			};
			name = Debug;
		};
		2B5D27C723ED914B0017D789 /* Release */ = {
			isa = XCBuildConfiguration;
			buildSettings = {
				ALWAYS_EMBED_SWIFT_STANDARD_LIBRARIES = YES;
				BUNDLE_LOADER = "$(TEST_HOST)";
				CODE_SIGN_STYLE = Automatic;
				COMBINE_HIDPI_IMAGES = YES;
				DEVELOPMENT_TEAM = PS98BD6732;
				INFOPLIST_FILE = SimlatorControlTests/Info.plist;
				LD_RUNPATH_SEARCH_PATHS = (
					"$(inherited)",
					"@executable_path/../Frameworks",
					"@loader_path/../Frameworks",
				);
				MACOSX_DEPLOYMENT_TARGET = 10.15;
				PRODUCT_BUNDLE_IDENTIFIER = com.bivre.SimlatorControlTests;
				PRODUCT_NAME = "$(TARGET_NAME)";
				SWIFT_VERSION = 5.0;
				TEST_HOST = "$(BUILT_PRODUCTS_DIR)/SimlatorControl.app/Contents/MacOS/SimlatorControl";
			};
			name = Release;
		};
		2B5D27C923ED914B0017D789 /* Debug */ = {
			isa = XCBuildConfiguration;
			buildSettings = {
				ALWAYS_EMBED_SWIFT_STANDARD_LIBRARIES = YES;
				CODE_SIGN_STYLE = Automatic;
				COMBINE_HIDPI_IMAGES = YES;
				DEVELOPMENT_TEAM = PS98BD6732;
				INFOPLIST_FILE = SimlatorControlUITests/Info.plist;
				LD_RUNPATH_SEARCH_PATHS = (
					"$(inherited)",
					"@executable_path/../Frameworks",
					"@loader_path/../Frameworks",
				);
				PRODUCT_BUNDLE_IDENTIFIER = com.bivre.SimlatorControlUITests;
				PRODUCT_NAME = "$(TARGET_NAME)";
				SWIFT_VERSION = 5.0;
				TEST_TARGET_NAME = SimlatorControl;
			};
			name = Debug;
		};
		2B5D27CA23ED914B0017D789 /* Release */ = {
			isa = XCBuildConfiguration;
			buildSettings = {
				ALWAYS_EMBED_SWIFT_STANDARD_LIBRARIES = YES;
				CODE_SIGN_STYLE = Automatic;
				COMBINE_HIDPI_IMAGES = YES;
				DEVELOPMENT_TEAM = PS98BD6732;
				INFOPLIST_FILE = SimlatorControlUITests/Info.plist;
				LD_RUNPATH_SEARCH_PATHS = (
					"$(inherited)",
					"@executable_path/../Frameworks",
					"@loader_path/../Frameworks",
				);
				PRODUCT_BUNDLE_IDENTIFIER = com.bivre.SimlatorControlUITests;
				PRODUCT_NAME = "$(TARGET_NAME)";
				SWIFT_VERSION = 5.0;
				TEST_TARGET_NAME = SimlatorControl;
			};
			name = Release;
		};
/* End XCBuildConfiguration section */

/* Begin XCConfigurationList section */
		2B5D279423ED91490017D789 /* Build configuration list for PBXProject "SimlatorControl" */ = {
			isa = XCConfigurationList;
			buildConfigurations = (
				2B5D27C023ED914B0017D789 /* Debug */,
				2B5D27C123ED914B0017D789 /* Release */,
			);
			defaultConfigurationIsVisible = 0;
			defaultConfigurationName = Release;
		};
		2B5D27C223ED914B0017D789 /* Build configuration list for PBXNativeTarget "SimlatorControl" */ = {
			isa = XCConfigurationList;
			buildConfigurations = (
				2B5D27C323ED914B0017D789 /* Debug */,
				2B5D27C423ED914B0017D789 /* Release */,
			);
			defaultConfigurationIsVisible = 0;
			defaultConfigurationName = Release;
		};
		2B5D27C523ED914B0017D789 /* Build configuration list for PBXNativeTarget "SimlatorControlTests" */ = {
			isa = XCConfigurationList;
			buildConfigurations = (
				2B5D27C623ED914B0017D789 /* Debug */,
				2B5D27C723ED914B0017D789 /* Release */,
			);
			defaultConfigurationIsVisible = 0;
			defaultConfigurationName = Release;
		};
		2B5D27C823ED914B0017D789 /* Build configuration list for PBXNativeTarget "SimlatorControlUITests" */ = {
			isa = XCConfigurationList;
			buildConfigurations = (
				2B5D27C923ED914B0017D789 /* Debug */,
				2B5D27CA23ED914B0017D789 /* Release */,
			);
			defaultConfigurationIsVisible = 0;
			defaultConfigurationName = Release;
		};
/* End XCConfigurationList section */
	};
	rootObject = 2B5D279123ED91490017D789 /* Project object */;
}
